// !$*UTF8*$!
{
	archiveVersion = 1;
	classes = {
	};
	objectVersion = 52;
	objects = {

/* Begin PBXBuildFile section */
		4D83E46B39D8D807CEB4937B /* Pods_SampleEnglish.framework in Frameworks */ = {isa = PBXBuildFile; fileRef = 9BB83B1D8D1CBFBAB546B32D /* Pods_SampleEnglish.framework */; };
		764F12BC27BCDEFD003BFBF9 /* Test_3_ViewController.swift in Sources */ = {isa = PBXBuildFile; fileRef = 764F12BB27BCDEFD003BFBF9 /* Test_3_ViewController.swift */; };
		764F12BE27C0C4FC003BFBF9 /* UserData.swift in Sources */ = {isa = PBXBuildFile; fileRef = 764F12BD27C0C4FC003BFBF9 /* UserData.swift */; };
		76545D0127CCDADC00831DB8 /* 臨床心理学.csv in Resources */ = {isa = PBXBuildFile; fileRef = 76545D0027CCDADC00831DB8 /* 臨床心理学.csv */; };
		76545D0327CCDB4700831DB8 /* 性格・知能.csv in Resources */ = {isa = PBXBuildFile; fileRef = 76545D0227CCDB4700831DB8 /* 性格・知能.csv */; };
		76545D0527CCDB7900831DB8 /* 感覚・知覚・認証.csv in Resources */ = {isa = PBXBuildFile; fileRef = 76545D0427CCDB7900831DB8 /* 感覚・知覚・認証.csv */; };
		76545D0827CCDB8900831DB8 /* 社会心理学.csv in Resources */ = {isa = PBXBuildFile; fileRef = 76545D0627CCDB8900831DB8 /* 社会心理学.csv */; };
		76545D0927CCDB8900831DB8 /* 神経生理心理学.csv in Resources */ = {isa = PBXBuildFile; fileRef = 76545D0727CCDB8900831DB8 /* 神経生理心理学.csv */; };
		76545D0D27CCDB9600831DB8 /* 発達心理学.csv in Resources */ = {isa = PBXBuildFile; fileRef = 76545D0A27CCDB9600831DB8 /* 発達心理学.csv */; };
		76545D0E27CCDB9600831DB8 /* 統計.csv in Resources */ = {isa = PBXBuildFile; fileRef = 76545D0B27CCDB9600831DB8 /* 統計.csv */; };
		76545D0F27CCDB9600831DB8 /* 動機付け.csv in Resources */ = {isa = PBXBuildFile; fileRef = 76545D0C27CCDB9600831DB8 /* 動機付け.csv */; };
		76545D1127CCDBC800831DB8 /* 学習心理学.csv in Resources */ = {isa = PBXBuildFile; fileRef = 76545D1027CCDBC800831DB8 /* 学習心理学.csv */; };
		76545D1527CCDCC200831DB8 /* all.csv in Resources */ = {isa = PBXBuildFile; fileRef = 76545D1427CCDCC200831DB8 /* all.csv */; };
		76545D1727CE1BEA00831DB8 /* MyWordViewController.swift in Sources */ = {isa = PBXBuildFile; fileRef = 76545D1627CE1BEA00831DB8 /* MyWordViewController.swift */; };
		76545D1F27D7722C00831DB8 /* 一般(1).csv in Resources */ = {isa = PBXBuildFile; fileRef = 76545D1E27D7722C00831DB8 /* 一般(1).csv */; };
		76545D2127D7725E00831DB8 /* 一般(2).csv in Resources */ = {isa = PBXBuildFile; fileRef = 76545D2027D7725E00831DB8 /* 一般(2).csv */; };
		765FA1B9276E29A2001FF3DC /* GoogleService-Info.plist in Resources */ = {isa = PBXBuildFile; fileRef = 765FA1B8276E29A2001FF3DC /* GoogleService-Info.plist */; };
		766F704B27C8B88100A53182 /* MyWordTest_2_ViewController.swift in Sources */ = {isa = PBXBuildFile; fileRef = 766F704A27C8B88100A53182 /* MyWordTest_2_ViewController.swift */; };
		766F704E27C8C70B00A53182 /* MyWordTest_3_ViewController.swift in Sources */ = {isa = PBXBuildFile; fileRef = 766F704D27C8C70B00A53182 /* MyWordTest_3_ViewController.swift */; };
		766F705027C8E41D00A53182 /* SettingViewController.swift in Sources */ = {isa = PBXBuildFile; fileRef = 766F704F27C8E41D00A53182 /* SettingViewController.swift */; };
		766F705327C9F48500A53182 /* AccountSettingViewController.swift in Sources */ = {isa = PBXBuildFile; fileRef = 766F705227C9F48500A53182 /* AccountSettingViewController.swift */; };
		7680F09D27C11E1900005F76 /* LAContext.h in Resources */ = {isa = PBXBuildFile; fileRef = 7680F09C27C11E1900005F76 /* LAContext.h */; };
		7699416E27B6368E0048FB12 /* Test_1_ViewController.swift in Sources */ = {isa = PBXBuildFile; fileRef = 7699416D27B6368E0048FB12 /* Test_1_ViewController.swift */; };
		7699417127B636F30048FB12 /* FirstViewController.swift in Sources */ = {isa = PBXBuildFile; fileRef = 7699417027B636F30048FB12 /* FirstViewController.swift */; };
		7699417427B66BB70048FB12 /* Test_2_ViewController.swift in Sources */ = {isa = PBXBuildFile; fileRef = 7699417327B66BB70048FB12 /* Test_2_ViewController.swift */; };
		76A5B9CE2793CACA003CBD0A /* TabBarController.swift in Sources */ = {isa = PBXBuildFile; fileRef = 76A5B9CD2793CACA003CBD0A /* TabBarController.swift */; };
		76A5B9D22794018E003CBD0A /* MyWordTest_1_ViewController.swift in Sources */ = {isa = PBXBuildFile; fileRef = 76A5B9D12794018E003CBD0A /* MyWordTest_1_ViewController.swift */; };
		76B118DE2783D72100EC6CAF /* FirebaseAuth.framework in Frameworks */ = {isa = PBXBuildFile; fileRef = 76B118DD2783D72100EC6CAF /* FirebaseAuth.framework */; };
		76B118E22783D72800EC6CAF /* FirebaseCore.framework in Frameworks */ = {isa = PBXBuildFile; fileRef = 76B118E12783D72800EC6CAF /* FirebaseCore.framework */; };
		76B118E42783D73600EC6CAF /* FirebaseAnalytics.xcframework in Frameworks */ = {isa = PBXBuildFile; fileRef = 765FA1CA276F9F8F001FF3DC /* FirebaseAnalytics.xcframework */; };
		76B118E72783EE6700EC6CAF /* LogInViewController.swift in Sources */ = {isa = PBXBuildFile; fileRef = 76B118E62783EE6700EC6CAF /* LogInViewController.swift */; };
		76D86159271BCEC3007853BA /* AppDelegate.swift in Sources */ = {isa = PBXBuildFile; fileRef = 76D86158271BCEC3007853BA /* AppDelegate.swift */; };
		76D8615B271BCEC3007853BA /* SceneDelegate.swift in Sources */ = {isa = PBXBuildFile; fileRef = 76D8615A271BCEC3007853BA /* SceneDelegate.swift */; };
		76D86160271BCEC3007853BA /* Main.storyboard in Resources */ = {isa = PBXBuildFile; fileRef = 76D8615E271BCEC3007853BA /* Main.storyboard */; };
		76D86162271BCEC8007853BA /* Assets.xcassets in Resources */ = {isa = PBXBuildFile; fileRef = 76D86161271BCEC8007853BA /* Assets.xcassets */; };
		76D86165271BCEC8007853BA /* LaunchScreen.storyboard in Resources */ = {isa = PBXBuildFile; fileRef = 76D86163271BCEC8007853BA /* LaunchScreen.storyboard */; };
		76D8616D271BCFD2007853BA /* SignUpViewController.swift in Sources */ = {isa = PBXBuildFile; fileRef = 76D8616C271BCFD2007853BA /* SignUpViewController.swift */; };
		76DADB5D27898EEB00048E1B /* ForgetViewController.swift in Sources */ = {isa = PBXBuildFile; fileRef = 76DADB5C27898EEB00048E1B /* ForgetViewController.swift */; };
/* End PBXBuildFile section */

/* Begin PBXFileReference section */
		2D05823F05BB48A86150CF4C /* Pods-SampleEnglish.debug.xcconfig */ = {isa = PBXFileReference; includeInIndex = 1; lastKnownFileType = text.xcconfig; name = "Pods-SampleEnglish.debug.xcconfig"; path = "Target Support Files/Pods-SampleEnglish/Pods-SampleEnglish.debug.xcconfig"; sourceTree = "<group>"; };
		764F12BB27BCDEFD003BFBF9 /* Test_3_ViewController.swift */ = {isa = PBXFileReference; lastKnownFileType = sourcecode.swift; path = Test_3_ViewController.swift; sourceTree = "<group>"; };
		764F12BD27C0C4FC003BFBF9 /* UserData.swift */ = {isa = PBXFileReference; lastKnownFileType = sourcecode.swift; name = UserData.swift; path = SampleEnglish/UserData.swift; sourceTree = SOURCE_ROOT; };
		76545D0027CCDADC00831DB8 /* 臨床心理学.csv */ = {isa = PBXFileReference; fileEncoding = 4; lastKnownFileType = text; path = "臨床心理学.csv"; sourceTree = "<group>"; };
		76545D0227CCDB4700831DB8 /* 性格・知能.csv */ = {isa = PBXFileReference; fileEncoding = 4; lastKnownFileType = text; path = "性格・知能.csv"; sourceTree = "<group>"; };
		76545D0427CCDB7900831DB8 /* 感覚・知覚・認証.csv */ = {isa = PBXFileReference; fileEncoding = 4; lastKnownFileType = text; path = "感覚・知覚・認証.csv"; sourceTree = "<group>"; };
		76545D0627CCDB8900831DB8 /* 社会心理学.csv */ = {isa = PBXFileReference; fileEncoding = 4; lastKnownFileType = text; path = "社会心理学.csv"; sourceTree = "<group>"; };
		76545D0727CCDB8900831DB8 /* 神経生理心理学.csv */ = {isa = PBXFileReference; fileEncoding = 4; lastKnownFileType = text; path = "神経生理心理学.csv"; sourceTree = "<group>"; };
		76545D0A27CCDB9600831DB8 /* 発達心理学.csv */ = {isa = PBXFileReference; fileEncoding = 4; lastKnownFileType = text; path = "発達心理学.csv"; sourceTree = "<group>"; };
		76545D0B27CCDB9600831DB8 /* 統計.csv */ = {isa = PBXFileReference; fileEncoding = 4; lastKnownFileType = text; path = "統計.csv"; sourceTree = "<group>"; };
		76545D0C27CCDB9600831DB8 /* 動機付け.csv */ = {isa = PBXFileReference; fileEncoding = 4; lastKnownFileType = text; path = "動機付け.csv"; sourceTree = "<group>"; };
		76545D1027CCDBC800831DB8 /* 学習心理学.csv */ = {isa = PBXFileReference; fileEncoding = 4; lastKnownFileType = text; path = "学習心理学.csv"; sourceTree = "<group>"; };
		76545D1427CCDCC200831DB8 /* all.csv */ = {isa = PBXFileReference; fileEncoding = 4; lastKnownFileType = text; path = all.csv; sourceTree = "<group>"; };
		76545D1627CE1BEA00831DB8 /* MyWordViewController.swift */ = {isa = PBXFileReference; lastKnownFileType = sourcecode.swift; path = MyWordViewController.swift; sourceTree = "<group>"; };
		76545D1827CF4F6100831DB8 /* ja */ = {isa = PBXFileReference; lastKnownFileType = text.plist.strings; name = ja; path = ja.lproj/Main.strings; sourceTree = "<group>"; };
		76545D1927CF4F6100831DB8 /* ja */ = {isa = PBXFileReference; lastKnownFileType = text.plist.strings; name = ja; path = ja.lproj/LaunchScreen.strings; sourceTree = "<group>"; };
		76545D1E27D7722C00831DB8 /* 一般(1).csv */ = {isa = PBXFileReference; lastKnownFileType = text; path = "一般(1).csv"; sourceTree = "<group>"; };
		76545D2027D7725E00831DB8 /* 一般(2).csv */ = {isa = PBXFileReference; lastKnownFileType = text; path = "一般(2).csv"; sourceTree = "<group>"; };
		765FA1B8276E29A2001FF3DC /* GoogleService-Info.plist */ = {isa = PBXFileReference; fileEncoding = 4; lastKnownFileType = text.plist.xml; name = "GoogleService-Info.plist"; path = "../../../Downloads/GoogleService-Info.plist"; sourceTree = "<group>"; };
		765FA1C0276F9F62001FF3DC /* FirebaseAuth.framework */ = {isa = PBXFileReference; explicitFileType = wrapper.framework; path = FirebaseAuth.framework; sourceTree = BUILT_PRODUCTS_DIR; };
		765FA1C4276F9F67001FF3DC /* FirebaseAuth.framework */ = {isa = PBXFileReference; explicitFileType = wrapper.framework; path = FirebaseAuth.framework; sourceTree = BUILT_PRODUCTS_DIR; };
		765FA1C7276F9F70001FF3DC /* FirebaseCore.framework */ = {isa = PBXFileReference; explicitFileType = wrapper.framework; path = FirebaseCore.framework; sourceTree = BUILT_PRODUCTS_DIR; };
		765FA1CA276F9F8F001FF3DC /* FirebaseAnalytics.xcframework */ = {isa = PBXFileReference; lastKnownFileType = wrapper.xcframework; name = FirebaseAnalytics.xcframework; path = Pods/FirebaseAnalytics/Frameworks/FirebaseAnalytics.xcframework; sourceTree = "<group>"; };
		766F704A27C8B88100A53182 /* MyWordTest_2_ViewController.swift */ = {isa = PBXFileReference; lastKnownFileType = sourcecode.swift; path = MyWordTest_2_ViewController.swift; sourceTree = "<group>"; };
		766F704D27C8C70B00A53182 /* MyWordTest_3_ViewController.swift */ = {isa = PBXFileReference; lastKnownFileType = sourcecode.swift; path = MyWordTest_3_ViewController.swift; sourceTree = "<group>"; };
		766F704F27C8E41D00A53182 /* SettingViewController.swift */ = {isa = PBXFileReference; lastKnownFileType = sourcecode.swift; path = SettingViewController.swift; sourceTree = "<group>"; };
		766F705227C9F48500A53182 /* AccountSettingViewController.swift */ = {isa = PBXFileReference; lastKnownFileType = sourcecode.swift; path = AccountSettingViewController.swift; sourceTree = "<group>"; };
		7680F09C27C11E1900005F76 /* LAContext.h */ = {isa = PBXFileReference; lastKnownFileType = sourcecode.c.h; path = LAContext.h; sourceTree = "<group>"; };
		7699416D27B6368E0048FB12 /* Test_1_ViewController.swift */ = {isa = PBXFileReference; lastKnownFileType = sourcecode.swift; path = Test_1_ViewController.swift; sourceTree = "<group>"; };
		7699417027B636F30048FB12 /* FirstViewController.swift */ = {isa = PBXFileReference; lastKnownFileType = sourcecode.swift; path = FirstViewController.swift; sourceTree = "<group>"; };
		7699417327B66BB70048FB12 /* Test_2_ViewController.swift */ = {isa = PBXFileReference; lastKnownFileType = sourcecode.swift; path = Test_2_ViewController.swift; sourceTree = "<group>"; };
		76A5B9CD2793CACA003CBD0A /* TabBarController.swift */ = {isa = PBXFileReference; lastKnownFileType = sourcecode.swift; path = TabBarController.swift; sourceTree = "<group>"; };
		76A5B9D12794018E003CBD0A /* MyWordTest_1_ViewController.swift */ = {isa = PBXFileReference; lastKnownFileType = sourcecode.swift; path = MyWordTest_1_ViewController.swift; sourceTree = "<group>"; };
		76B118DD2783D72100EC6CAF /* FirebaseAuth.framework */ = {isa = PBXFileReference; explicitFileType = wrapper.framework; path = FirebaseAuth.framework; sourceTree = BUILT_PRODUCTS_DIR; };
		76B118E12783D72800EC6CAF /* FirebaseCore.framework */ = {isa = PBXFileReference; explicitFileType = wrapper.framework; path = FirebaseCore.framework; sourceTree = BUILT_PRODUCTS_DIR; };
		76B118E62783EE6700EC6CAF /* LogInViewController.swift */ = {isa = PBXFileReference; lastKnownFileType = sourcecode.swift; path = LogInViewController.swift; sourceTree = "<group>"; };
		76D86155271BCEC3007853BA /* SampleEnglish.app */ = {isa = PBXFileReference; explicitFileType = wrapper.application; includeInIndex = 0; path = SampleEnglish.app; sourceTree = BUILT_PRODUCTS_DIR; };
		76D86158271BCEC3007853BA /* AppDelegate.swift */ = {isa = PBXFileReference; lastKnownFileType = sourcecode.swift; path = AppDelegate.swift; sourceTree = "<group>"; };
		76D8615A271BCEC3007853BA /* SceneDelegate.swift */ = {isa = PBXFileReference; lastKnownFileType = sourcecode.swift; path = SceneDelegate.swift; sourceTree = "<group>"; };
		76D8615F271BCEC3007853BA /* Base */ = {isa = PBXFileReference; lastKnownFileType = file.storyboard; name = Base; path = Base.lproj/Main.storyboard; sourceTree = "<group>"; };
		76D86161271BCEC8007853BA /* Assets.xcassets */ = {isa = PBXFileReference; lastKnownFileType = folder.assetcatalog; path = Assets.xcassets; sourceTree = "<group>"; };
		76D86164271BCEC8007853BA /* Base */ = {isa = PBXFileReference; lastKnownFileType = file.storyboard; name = Base; path = Base.lproj/LaunchScreen.storyboard; sourceTree = "<group>"; };
		76D86166271BCEC8007853BA /* Info.plist */ = {isa = PBXFileReference; lastKnownFileType = text.plist.xml; path = Info.plist; sourceTree = "<group>"; };
		76D8616C271BCFD2007853BA /* SignUpViewController.swift */ = {isa = PBXFileReference; lastKnownFileType = sourcecode.swift; path = SignUpViewController.swift; sourceTree = "<group>"; };
		76DADB5C27898EEB00048E1B /* ForgetViewController.swift */ = {isa = PBXFileReference; lastKnownFileType = sourcecode.swift; path = ForgetViewController.swift; sourceTree = "<group>"; };
		9BB83B1D8D1CBFBAB546B32D /* Pods_SampleEnglish.framework */ = {isa = PBXFileReference; explicitFileType = wrapper.framework; includeInIndex = 0; path = Pods_SampleEnglish.framework; sourceTree = BUILT_PRODUCTS_DIR; };
		D0B3DDF0B16783BE4E6BF4B7 /* Pods-SampleEnglish.release.xcconfig */ = {isa = PBXFileReference; includeInIndex = 1; lastKnownFileType = text.xcconfig; name = "Pods-SampleEnglish.release.xcconfig"; path = "Target Support Files/Pods-SampleEnglish/Pods-SampleEnglish.release.xcconfig"; sourceTree = "<group>"; };
/* End PBXFileReference section */

/* Begin PBXFrameworksBuildPhase section */
		76D86152271BCEC3007853BA /* Frameworks */ = {
			isa = PBXFrameworksBuildPhase;
			buildActionMask = 2147483647;
			files = (
				76B118E42783D73600EC6CAF /* FirebaseAnalytics.xcframework in Frameworks */,
				76B118E22783D72800EC6CAF /* FirebaseCore.framework in Frameworks */,
				76B118DE2783D72100EC6CAF /* FirebaseAuth.framework in Frameworks */,
				4D83E46B39D8D807CEB4937B /* Pods_SampleEnglish.framework in Frameworks */,
			);
			runOnlyForDeploymentPostprocessing = 0;
		};
/* End PBXFrameworksBuildPhase section */

/* Begin PBXGroup section */
		29B011F5F5306DF5F9DE74EA /* Frameworks */ = {
			isa = PBXGroup;
			children = (
				76B118E12783D72800EC6CAF /* FirebaseCore.framework */,
				76B118DD2783D72100EC6CAF /* FirebaseAuth.framework */,
				765FA1CA276F9F8F001FF3DC /* FirebaseAnalytics.xcframework */,
				765FA1C7276F9F70001FF3DC /* FirebaseCore.framework */,
				765FA1C4276F9F67001FF3DC /* FirebaseAuth.framework */,
				765FA1C0276F9F62001FF3DC /* FirebaseAuth.framework */,
				9BB83B1D8D1CBFBAB546B32D /* Pods_SampleEnglish.framework */,
			);
			name = Frameworks;
			sourceTree = "<group>";
		};
		766F704527C3979C00A53182 /* WordData */ = {
			isa = PBXGroup;
			children = (
				76545D0027CCDADC00831DB8 /* 臨床心理学.csv */,
				76545D1E27D7722C00831DB8 /* 一般(1).csv */,
				76545D2027D7725E00831DB8 /* 一般(2).csv */,
				76545D0227CCDB4700831DB8 /* 性格・知能.csv */,
				76545D0427CCDB7900831DB8 /* 感覚・知覚・認証.csv */,
				76545D0627CCDB8900831DB8 /* 社会心理学.csv */,
				76545D0727CCDB8900831DB8 /* 神経生理心理学.csv */,
				76545D0B27CCDB9600831DB8 /* 統計.csv */,
				76545D0C27CCDB9600831DB8 /* 動機付け.csv */,
				76545D0A27CCDB9600831DB8 /* 発達心理学.csv */,
				76545D1027CCDBC800831DB8 /* 学習心理学.csv */,
				76545D1427CCDCC200831DB8 /* all.csv */,
			);
			path = WordData;
			sourceTree = "<group>";
		};
		766F704627C3981E00A53182 /* InitialControllers */ = {
			isa = PBXGroup;
			children = (
				7699417027B636F30048FB12 /* FirstViewController.swift */,
				76DADB5C27898EEB00048E1B /* ForgetViewController.swift */,
				76B118E62783EE6700EC6CAF /* LogInViewController.swift */,
				76D8616C271BCFD2007853BA /* SignUpViewController.swift */,
			);
			path = InitialControllers;
			sourceTree = "<group>";
		};
		766F704727C3986000A53182 /* ExtraControllers */ = {
			isa = PBXGroup;
			children = (
				76A5B9CD2793CACA003CBD0A /* TabBarController.swift */,
			);
			path = ExtraControllers;
			sourceTree = "<group>";
		};
		766F704C27C8B95D00A53182 /* MyWordTestControllers */ = {
			isa = PBXGroup;
			children = (
				76A5B9D12794018E003CBD0A /* MyWordTest_1_ViewController.swift */,
				766F704A27C8B88100A53182 /* MyWordTest_2_ViewController.swift */,
				766F704D27C8C70B00A53182 /* MyWordTest_3_ViewController.swift */,
			);
			path = MyWordTestControllers;
			sourceTree = "<group>";
		};
		766F705127C9F45D00A53182 /* SetttingControllers */ = {
			isa = PBXGroup;
			children = (
				766F704F27C8E41D00A53182 /* SettingViewController.swift */,
				766F705227C9F48500A53182 /* AccountSettingViewController.swift */,
				76545D1627CE1BEA00831DB8 /* MyWordViewController.swift */,
			);
			path = SetttingControllers;
			sourceTree = "<group>";
		};
		7699416F27B636D50048FB12 /* MainControllers */ = {
			isa = PBXGroup;
			children = (
				766F705127C9F45D00A53182 /* SetttingControllers */,
				766F704627C3981E00A53182 /* InitialControllers */,
				7699417227B637390048FB12 /* TestControllers */,
				766F704C27C8B95D00A53182 /* MyWordTestControllers */,
			);
			path = MainControllers;
			sourceTree = "<group>";
		};
		7699417227B637390048FB12 /* TestControllers */ = {
			isa = PBXGroup;
			children = (
				7699416D27B6368E0048FB12 /* Test_1_ViewController.swift */,
				7699417327B66BB70048FB12 /* Test_2_ViewController.swift */,
				764F12BB27BCDEFD003BFBF9 /* Test_3_ViewController.swift */,
			);
			path = TestControllers;
			sourceTree = "<group>";
		};
		76D8614C271BCEC3007853BA = {
			isa = PBXGroup;
			children = (
				76D86157271BCEC3007853BA /* SampleEnglish */,
				76D86156271BCEC3007853BA /* Products */,
				885026E2455075D20F325A5B /* Pods */,
				29B011F5F5306DF5F9DE74EA /* Frameworks */,
			);
			sourceTree = "<group>";
		};
		76D86156271BCEC3007853BA /* Products */ = {
			isa = PBXGroup;
			children = (
				76D86155271BCEC3007853BA /* SampleEnglish.app */,
			);
			name = Products;
			sourceTree = "<group>";
		};
		76D86157271BCEC3007853BA /* SampleEnglish */ = {
			isa = PBXGroup;
			children = (
				7680F09C27C11E1900005F76 /* LAContext.h */,
				765FA1B8276E29A2001FF3DC /* GoogleService-Info.plist */,
				76D86158271BCEC3007853BA /* AppDelegate.swift */,
				76D8615A271BCEC3007853BA /* SceneDelegate.swift */,
				764F12BD27C0C4FC003BFBF9 /* UserData.swift */,
				76D8615E271BCEC3007853BA /* Main.storyboard */,
				766F704527C3979C00A53182 /* WordData */,
				766F704727C3986000A53182 /* ExtraControllers */,
				7699416F27B636D50048FB12 /* MainControllers */,
				76D86161271BCEC8007853BA /* Assets.xcassets */,
				76D86163271BCEC8007853BA /* LaunchScreen.storyboard */,
				76D86166271BCEC8007853BA /* Info.plist */,
			);
			path = SampleEnglish;
			sourceTree = "<group>";
		};
		885026E2455075D20F325A5B /* Pods */ = {
			isa = PBXGroup;
			children = (
				2D05823F05BB48A86150CF4C /* Pods-SampleEnglish.debug.xcconfig */,
				D0B3DDF0B16783BE4E6BF4B7 /* Pods-SampleEnglish.release.xcconfig */,
			);
			path = Pods;
			sourceTree = "<group>";
		};
/* End PBXGroup section */

/* Begin PBXNativeTarget section */
		76D86154271BCEC3007853BA /* SampleEnglish */ = {
			isa = PBXNativeTarget;
			buildConfigurationList = 76D86169271BCEC8007853BA /* Build configuration list for PBXNativeTarget "SampleEnglish" */;
			buildPhases = (
				0BFF95CD0369C159E361859A /* [CP] Check Pods Manifest.lock */,
				76D86151271BCEC3007853BA /* Sources */,
				76D86152271BCEC3007853BA /* Frameworks */,
				76D86153271BCEC3007853BA /* Resources */,
				26E7971A7279F8383C271A53 /* [CP] Embed Pods Frameworks */,
			);
			buildRules = (
			);
			dependencies = (
			);
			name = SampleEnglish;
			packageProductDependencies = (
			);
			productName = SampleEnglish;
			productReference = 76D86155271BCEC3007853BA /* SampleEnglish.app */;
			productType = "com.apple.product-type.application";
		};
/* End PBXNativeTarget section */

/* Begin PBXProject section */
		76D8614D271BCEC3007853BA /* Project object */ = {
			isa = PBXProject;
			attributes = {
				LastSwiftUpdateCheck = 1250;
				LastUpgradeCheck = 1250;
				TargetAttributes = {
					76D86154271BCEC3007853BA = {
						CreatedOnToolsVersion = 12.5.1;
					};
				};
			};
			buildConfigurationList = 76D86150271BCEC3007853BA /* Build configuration list for PBXProject "SampleEnglish" */;
			compatibilityVersion = "Xcode 9.3";
			developmentRegion = en;
			hasScannedForEncodings = 0;
			knownRegions = (
				en,
				Base,
				ja,
			);
			mainGroup = 76D8614C271BCEC3007853BA;
			packageReferences = (
				765FA1BD276E3426001FF3DC /* XCRemoteSwiftPackageReference "firebase-ios-sdk" */,
			);
			productRefGroup = 76D86156271BCEC3007853BA /* Products */;
			projectDirPath = "";
			projectRoot = "";
			targets = (
				76D86154271BCEC3007853BA /* SampleEnglish */,
			);
		};
/* End PBXProject section */

/* Begin PBXResourcesBuildPhase section */
		76D86153271BCEC3007853BA /* Resources */ = {
			isa = PBXResourcesBuildPhase;
			buildActionMask = 2147483647;
			files = (
				76545D0E27CCDB9600831DB8 /* 統計.csv in Resources */,
				76D86165271BCEC8007853BA /* LaunchScreen.storyboard in Resources */,
				76545D0F27CCDB9600831DB8 /* 動機付け.csv in Resources */,
				765FA1B9276E29A2001FF3DC /* GoogleService-Info.plist in Resources */,
				76545D0D27CCDB9600831DB8 /* 発達心理学.csv in Resources */,
				76545D0927CCDB8900831DB8 /* 神経生理心理学.csv in Resources */,
				76545D1527CCDCC200831DB8 /* all.csv in Resources */,
				76545D0827CCDB8900831DB8 /* 社会心理学.csv in Resources */,
				76545D0527CCDB7900831DB8 /* 感覚・知覚・認証.csv in Resources */,
				76545D1F27D7722C00831DB8 /* 一般(1).csv in Resources */,
				7680F09D27C11E1900005F76 /* LAContext.h in Resources */,
				76545D2127D7725E00831DB8 /* 一般(2).csv in Resources */,
				76545D1127CCDBC800831DB8 /* 学習心理学.csv in Resources */,
				76545D0127CCDADC00831DB8 /* 臨床心理学.csv in Resources */,
				76D86162271BCEC8007853BA /* Assets.xcassets in Resources */,
				76D86160271BCEC3007853BA /* Main.storyboard in Resources */,
				76545D0327CCDB4700831DB8 /* 性格・知能.csv in Resources */,
			);
			runOnlyForDeploymentPostprocessing = 0;
		};
/* End PBXResourcesBuildPhase section */

/* Begin PBXShellScriptBuildPhase section */
		0BFF95CD0369C159E361859A /* [CP] Check Pods Manifest.lock */ = {
			isa = PBXShellScriptBuildPhase;
			buildActionMask = 2147483647;
			files = (
			);
			inputFileListPaths = (
			);
			inputPaths = (
				"${PODS_PODFILE_DIR_PATH}/Podfile.lock",
				"${PODS_ROOT}/Manifest.lock",
			);
			name = "[CP] Check Pods Manifest.lock";
			outputFileListPaths = (
			);
			outputPaths = (
				"$(DERIVED_FILE_DIR)/Pods-SampleEnglish-checkManifestLockResult.txt",
			);
			runOnlyForDeploymentPostprocessing = 0;
			shellPath = /bin/sh;
			shellScript = "diff \"${PODS_PODFILE_DIR_PATH}/Podfile.lock\" \"${PODS_ROOT}/Manifest.lock\" > /dev/null\nif [ $? != 0 ] ; then\n    # print error to STDERR\n    echo \"error: The sandbox is not in sync with the Podfile.lock. Run 'pod install' or update your CocoaPods installation.\" >&2\n    exit 1\nfi\n# This output is used by Xcode 'outputs' to avoid re-running this script phase.\necho \"SUCCESS\" > \"${SCRIPT_OUTPUT_FILE_0}\"\n";
			showEnvVarsInLog = 0;
		};
		26E7971A7279F8383C271A53 /* [CP] Embed Pods Frameworks */ = {
			isa = PBXShellScriptBuildPhase;
			buildActionMask = 2147483647;
			files = (
			);
			inputFileListPaths = (
				"${PODS_ROOT}/Target Support Files/Pods-SampleEnglish/Pods-SampleEnglish-frameworks-${CONFIGURATION}-input-files.xcfilelist",
			);
			name = "[CP] Embed Pods Frameworks";
			outputFileListPaths = (
				"${PODS_ROOT}/Target Support Files/Pods-SampleEnglish/Pods-SampleEnglish-frameworks-${CONFIGURATION}-output-files.xcfilelist",
			);
			runOnlyForDeploymentPostprocessing = 0;
			shellPath = /bin/sh;
			shellScript = "\"${PODS_ROOT}/Target Support Files/Pods-SampleEnglish/Pods-SampleEnglish-frameworks.sh\"\n";
			showEnvVarsInLog = 0;
		};
/* End PBXShellScriptBuildPhase section */

/* Begin PBXSourcesBuildPhase section */
		76D86151271BCEC3007853BA /* Sources */ = {
			isa = PBXSourcesBuildPhase;
			buildActionMask = 2147483647;
			files = (
				76A5B9CE2793CACA003CBD0A /* TabBarController.swift in Sources */,
				766F704B27C8B88100A53182 /* MyWordTest_2_ViewController.swift in Sources */,
				76D8616D271BCFD2007853BA /* SignUpViewController.swift in Sources */,
				766F704E27C8C70B00A53182 /* MyWordTest_3_ViewController.swift in Sources */,
				7699417427B66BB70048FB12 /* Test_2_ViewController.swift in Sources */,
				766F705027C8E41D00A53182 /* SettingViewController.swift in Sources */,
				76545D1727CE1BEA00831DB8 /* MyWordViewController.swift in Sources */,
				76D86159271BCEC3007853BA /* AppDelegate.swift in Sources */,
				7699417127B636F30048FB12 /* FirstViewController.swift in Sources */,
				764F12BC27BCDEFD003BFBF9 /* Test_3_ViewController.swift in Sources */,
				76A5B9D22794018E003CBD0A /* MyWordTest_1_ViewController.swift in Sources */,
				7699416E27B6368E0048FB12 /* Test_1_ViewController.swift in Sources */,
				766F705327C9F48500A53182 /* AccountSettingViewController.swift in Sources */,
				764F12BE27C0C4FC003BFBF9 /* UserData.swift in Sources */,
				76B118E72783EE6700EC6CAF /* LogInViewController.swift in Sources */,
				76D8615B271BCEC3007853BA /* SceneDelegate.swift in Sources */,
				76DADB5D27898EEB00048E1B /* ForgetViewController.swift in Sources */,
			);
			runOnlyForDeploymentPostprocessing = 0;
		};
/* End PBXSourcesBuildPhase section */

/* Begin PBXVariantGroup section */
		76D8615E271BCEC3007853BA /* Main.storyboard */ = {
			isa = PBXVariantGroup;
			children = (
				76D8615F271BCEC3007853BA /* Base */,
				76545D1827CF4F6100831DB8 /* ja */,
			);
			name = Main.storyboard;
			sourceTree = "<group>";
		};
		76D86163271BCEC8007853BA /* LaunchScreen.storyboard */ = {
			isa = PBXVariantGroup;
			children = (
				76D86164271BCEC8007853BA /* Base */,
				76545D1927CF4F6100831DB8 /* ja */,
			);
			name = LaunchScreen.storyboard;
			sourceTree = "<group>";
		};
/* End PBXVariantGroup section */

/* Begin XCBuildConfiguration section */
		76D86167271BCEC8007853BA /* Debug */ = {
			isa = XCBuildConfiguration;
			buildSettings = {
				ALWAYS_SEARCH_USER_PATHS = NO;
				CLANG_ANALYZER_LOCALIZABILITY_NONLOCALIZED = YES;
				CLANG_ANALYZER_NONNULL = YES;
				CLANG_ANALYZER_NUMBER_OBJECT_CONVERSION = YES_AGGRESSIVE;
				CLANG_CXX_LANGUAGE_STANDARD = "gnu++14";
				CLANG_CXX_LIBRARY = "libc++";
				CLANG_ENABLE_MODULES = YES;
				CLANG_ENABLE_OBJC_ARC = YES;
				CLANG_ENABLE_OBJC_WEAK = YES;
				CLANG_WARN_BLOCK_CAPTURE_AUTORELEASING = YES;
				CLANG_WARN_BOOL_CONVERSION = YES;
				CLANG_WARN_COMMA = YES;
				CLANG_WARN_CONSTANT_CONVERSION = YES;
				CLANG_WARN_DEPRECATED_OBJC_IMPLEMENTATIONS = YES;
				CLANG_WARN_DIRECT_OBJC_ISA_USAGE = YES_ERROR;
				CLANG_WARN_DOCUMENTATION_COMMENTS = YES;
				CLANG_WARN_EMPTY_BODY = YES;
				CLANG_WARN_ENUM_CONVERSION = YES;
				CLANG_WARN_INFINITE_RECURSION = YES;
				CLANG_WARN_INT_CONVERSION = YES;
				CLANG_WARN_NON_LITERAL_NULL_CONVERSION = YES;
				CLANG_WARN_OBJC_IMPLICIT_RETAIN_SELF = YES;
				CLANG_WARN_OBJC_LITERAL_CONVERSION = YES;
				CLANG_WARN_OBJC_ROOT_CLASS = YES_ERROR;
				CLANG_WARN_QUOTED_INCLUDE_IN_FRAMEWORK_HEADER = YES;
				CLANG_WARN_RANGE_LOOP_ANALYSIS = YES;
				CLANG_WARN_STRICT_PROTOTYPES = YES;
				CLANG_WARN_SUSPICIOUS_MOVE = YES;
				CLANG_WARN_UNGUARDED_AVAILABILITY = YES_AGGRESSIVE;
				CLANG_WARN_UNREACHABLE_CODE = YES;
				CLANG_WARN__DUPLICATE_METHOD_MATCH = YES;
				COPY_PHASE_STRIP = NO;
				DEBUG_INFORMATION_FORMAT = dwarf;
				ENABLE_STRICT_OBJC_MSGSEND = YES;
				ENABLE_TESTABILITY = YES;
				GCC_C_LANGUAGE_STANDARD = gnu11;
				GCC_DYNAMIC_NO_PIC = NO;
				GCC_NO_COMMON_BLOCKS = YES;
				GCC_OPTIMIZATION_LEVEL = 0;
				GCC_PREPROCESSOR_DEFINITIONS = (
					"DEBUG=1",
					"$(inherited)",
				);
				GCC_WARN_64_TO_32_BIT_CONVERSION = YES;
				GCC_WARN_ABOUT_RETURN_TYPE = YES_ERROR;
				GCC_WARN_UNDECLARED_SELECTOR = YES;
				GCC_WARN_UNINITIALIZED_AUTOS = YES_AGGRESSIVE;
				GCC_WARN_UNUSED_FUNCTION = YES;
				GCC_WARN_UNUSED_VARIABLE = YES;
				IPHONEOS_DEPLOYMENT_TARGET = 14.5;
				MTL_ENABLE_DEBUG_INFO = INCLUDE_SOURCE;
				MTL_FAST_MATH = YES;
				ONLY_ACTIVE_ARCH = YES;
				SDKROOT = iphoneos;
				SWIFT_ACTIVE_COMPILATION_CONDITIONS = DEBUG;
				SWIFT_OPTIMIZATION_LEVEL = "-Onone";
			};
			name = Debug;
		};
		76D86168271BCEC8007853BA /* Release */ = {
			isa = XCBuildConfiguration;
			buildSettings = {
				ALWAYS_SEARCH_USER_PATHS = NO;
				CLANG_ANALYZER_LOCALIZABILITY_NONLOCALIZED = YES;
				CLANG_ANALYZER_NONNULL = YES;
				CLANG_ANALYZER_NUMBER_OBJECT_CONVERSION = YES_AGGRESSIVE;
				CLANG_CXX_LANGUAGE_STANDARD = "gnu++14";
				CLANG_CXX_LIBRARY = "libc++";
				CLANG_ENABLE_MODULES = YES;
				CLANG_ENABLE_OBJC_ARC = YES;
				CLANG_ENABLE_OBJC_WEAK = YES;
				CLANG_WARN_BLOCK_CAPTURE_AUTORELEASING = YES;
				CLANG_WARN_BOOL_CONVERSION = YES;
				CLANG_WARN_COMMA = YES;
				CLANG_WARN_CONSTANT_CONVERSION = YES;
				CLANG_WARN_DEPRECATED_OBJC_IMPLEMENTATIONS = YES;
				CLANG_WARN_DIRECT_OBJC_ISA_USAGE = YES_ERROR;
				CLANG_WARN_DOCUMENTATION_COMMENTS = YES;
				CLANG_WARN_EMPTY_BODY = YES;
				CLANG_WARN_ENUM_CONVERSION = YES;
				CLANG_WARN_INFINITE_RECURSION = YES;
				CLANG_WARN_INT_CONVERSION = YES;
				CLANG_WARN_NON_LITERAL_NULL_CONVERSION = YES;
				CLANG_WARN_OBJC_IMPLICIT_RETAIN_SELF = YES;
				CLANG_WARN_OBJC_LITERAL_CONVERSION = YES;
				CLANG_WARN_OBJC_ROOT_CLASS = YES_ERROR;
				CLANG_WARN_QUOTED_INCLUDE_IN_FRAMEWORK_HEADER = YES;
				CLANG_WARN_RANGE_LOOP_ANALYSIS = YES;
				CLANG_WARN_STRICT_PROTOTYPES = YES;
				CLANG_WARN_SUSPICIOUS_MOVE = YES;
				CLANG_WARN_UNGUARDED_AVAILABILITY = YES_AGGRESSIVE;
				CLANG_WARN_UNREACHABLE_CODE = YES;
				CLANG_WARN__DUPLICATE_METHOD_MATCH = YES;
				COPY_PHASE_STRIP = NO;
				DEBUG_INFORMATION_FORMAT = "dwarf-with-dsym";
				ENABLE_NS_ASSERTIONS = NO;
				ENABLE_STRICT_OBJC_MSGSEND = YES;
				GCC_C_LANGUAGE_STANDARD = gnu11;
				GCC_NO_COMMON_BLOCKS = YES;
				GCC_WARN_64_TO_32_BIT_CONVERSION = YES;
				GCC_WARN_ABOUT_RETURN_TYPE = YES_ERROR;
				GCC_WARN_UNDECLARED_SELECTOR = YES;
				GCC_WARN_UNINITIALIZED_AUTOS = YES_AGGRESSIVE;
				GCC_WARN_UNUSED_FUNCTION = YES;
				GCC_WARN_UNUSED_VARIABLE = YES;
				IPHONEOS_DEPLOYMENT_TARGET = 14.5;
				MTL_ENABLE_DEBUG_INFO = NO;
				MTL_FAST_MATH = YES;
				SDKROOT = iphoneos;
				SWIFT_COMPILATION_MODE = wholemodule;
				SWIFT_OPTIMIZATION_LEVEL = "-O";
				VALIDATE_PRODUCT = YES;
			};
			name = Release;
		};
		76D8616A271BCEC8007853BA /* Debug */ = {
			isa = XCBuildConfiguration;
			baseConfigurationReference = 2D05823F05BB48A86150CF4C /* Pods-SampleEnglish.debug.xcconfig */;
			buildSettings = {
				ASSETCATALOG_COMPILER_APPICON_NAME = AppIcon;
				ASSETCATALOG_COMPILER_GLOBAL_ACCENT_COLOR_NAME = AccentColor;
				CODE_SIGN_STYLE = Automatic;
				DEVELOPMENT_TEAM = 48WF4HC6TB;
				INFOPLIST_FILE = SampleEnglish/Info.plist;
				IPHONEOS_DEPLOYMENT_TARGET = 15.0;
				LD_RUNPATH_SEARCH_PATHS = (
					"$(inherited)",
					"@executable_path/Frameworks",
				);
				PRODUCT_BUNDLE_IDENTIFIER = site.eigosaiko.EnglishTraining;
				PRODUCT_NAME = "$(TARGET_NAME)";
				SWIFT_VERSION = 5.0;
				TARGETED_DEVICE_FAMILY = "1,2";
			};
			name = Debug;
		};
		76D8616B271BCEC8007853BA /* Release */ = {
			isa = XCBuildConfiguration;
			baseConfigurationReference = D0B3DDF0B16783BE4E6BF4B7 /* Pods-SampleEnglish.release.xcconfig */;
			buildSettings = {
				ASSETCATALOG_COMPILER_APPICON_NAME = AppIcon;
				ASSETCATALOG_COMPILER_GLOBAL_ACCENT_COLOR_NAME = AccentColor;
				CODE_SIGN_STYLE = Automatic;
				DEVELOPMENT_TEAM = 48WF4HC6TB;
				INFOPLIST_FILE = SampleEnglish/Info.plist;
				IPHONEOS_DEPLOYMENT_TARGET = 15.0;
				LD_RUNPATH_SEARCH_PATHS = (
					"$(inherited)",
					"@executable_path/Frameworks",
				);
				PRODUCT_BUNDLE_IDENTIFIER = site.eigosaiko.EnglishTraining;
				PRODUCT_NAME = "$(TARGET_NAME)";
				SWIFT_VERSION = 5.0;
				TARGETED_DEVICE_FAMILY = "1,2";
			};
			name = Release;
		};
/* End XCBuildConfiguration section */

/* Begin XCConfigurationList section */
		76D86150271BCEC3007853BA /* Build configuration list for PBXProject "SampleEnglish" */ = {
			isa = XCConfigurationList;
			buildConfigurations = (
				76D86167271BCEC8007853BA /* Debug */,
				76D86168271BCEC8007853BA /* Release */,
			);
			defaultConfigurationIsVisible = 0;
			defaultConfigurationName = Release;
		};
		76D86169271BCEC8007853BA /* Build configuration list for PBXNativeTarget "SampleEnglish" */ = {
			isa = XCConfigurationList;
			buildConfigurations = (
				76D8616A271BCEC8007853BA /* Debug */,
				76D8616B271BCEC8007853BA /* Release */,
			);
			defaultConfigurationIsVisible = 0;
			defaultConfigurationName = Release;
		};
/* End XCConfigurationList section */

/* Begin XCRemoteSwiftPackageReference section */
		765FA1BD276E3426001FF3DC /* XCRemoteSwiftPackageReference "firebase-ios-sdk" */ = {
			isa = XCRemoteSwiftPackageReference;
			repositoryURL = "https://github.com/firebase/firebase-ios-sdk";
			requirement = {
				kind = upToNextMajorVersion;
				minimumVersion = 8.0.0;
			};
		};
/* End XCRemoteSwiftPackageReference section */
	};
	rootObject = 76D8614D271BCEC3007853BA /* Project object */;
}
